<?xml version="1.0" encoding="utf-8"?>
<Project ToolsVersion="4.0" xmlns="http://schemas.microsoft.com/developer/msbuild/2003">
  <ItemGroup>
    <Filter Include="源文件">
      <UniqueIdentifier>{4FC737F1-C7A5-4376-A066-2A32D752A2FF}</UniqueIdentifier>
      <Extensions>cpp;c;cc;cxx;def;odl;idl;hpj;bat;asm;asmx</Extensions>
    </Filter>
    <Filter Include="头文件">
      <UniqueIdentifier>{93995380-89BD-4b04-88EB-625FBE52EBFB}</UniqueIdentifier>
      <Extensions>h;hh;hpp;hxx;hm;inl;inc;xsd</Extensions>
    </Filter>
    <Filter Include="资源文件">
      <UniqueIdentifier>{67DA6AB6-F800-4c08-8B7A-83BB121AAD01}</UniqueIdentifier>
      <Extensions>rc;ico;cur;bmp;dlg;rc2;rct;bin;rgs;gif;jpg;jpeg;jpe;resx;tiff;tif;png;wav;mfcribbon-ms</Extensions>
    </Filter>
    <Filter Include="include">
      <UniqueIdentifier>{6cc11cb6-c4ea-4abb-a10f-41f5906deb44}</UniqueIdentifier>
    </Filter>
  </ItemGroup>
  <ItemGroup>
    <ClInclude Include="EsForeignWrapper.h">
      <Filter>头文件</Filter>
    </ClInclude>
    <ClInclude Include="Stdafx.h">
      <Filter>头文件</Filter>
    </ClInclude>
    <ClInclude Include="resource.h">
      <Filter>头文件</Filter>
    </ClInclude>
    <ClInclude Include="include\EsForeignApiErrCode.h">
      <Filter>include</Filter>
    </ClInclude>
    <ClInclude Include="include\EsForeignApiStruct.h">
      <Filter>include</Filter>
    </ClInclude>
    <ClInclude Include="include\EsForeignApiType.h">
      <Filter>include</Filter>
    </ClInclude>
    <ClInclude Include="include\EsunnyForeignApi.h">
      <Filter>include</Filter>
    </ClInclude>
    <ClInclude Include="include\EsunnyQuot.h">
      <Filter>include</Filter>
    </ClInclude>
    <ClInclude Include="Delegates.h">
      <Filter>头文件</Filter>
    </ClInclude>
    <ClInclude Include="EsQuot.h">
      <Filter>头文件</Filter>
    </ClInclude>
    <ClInclude Include="EsTrade.h">
      <Filter>头文件</Filter>
    </ClInclude>
    <ClInclude Include="EsStruct.h">
      <Filter>头文件</Filter>
    </ClInclude>
    <ClInclude Include="Enums.h">
      <Filter>头文件</Filter>
    </ClInclude>
  </ItemGroup>
  <ItemGroup>
    <ClCompile Include="EsForeignWrapper.cpp">
      <Filter>源文件</Filter>
    </ClCompile>
    <ClCompile Include="AssemblyInfo.cpp">
      <Filter>源文件</Filter>
    </ClCompile>
    <ClCompile Include="Stdafx.cpp">
      <Filter>源文件</Filter>
    </ClCompile>
    <ClCompile Include="EsQuot.cpp">
      <Filter>源文件</Filter>
    </ClCompile>
    <ClCompile Include="EsTrade.cpp">
      <Filter>源文件</Filter>
    </ClCompile>
  </ItemGroup>
  <ItemGroup>
    <Text Include="ReadMe.txt" />
  </ItemGroup>
  <ItemGroup>
    <ResourceCompile Include="app.rc">
      <Filter>资源文件</Filter>
    </ResourceCompile>
  </ItemGroup>
  <ItemGroup>
    <Image Include="app.ico">
      <Filter>资源文件</Filter>
    </Image>
  </ItemGroup>
  <ItemGroup>
    <None Include="..\lib\EsunnyQuot.dll" />
    <None Include="..\lib\ForeignTradeApi.dll" />
  </ItemGroup>
  <ItemGroup>
    <Library Include="..\lib\EsunnyQuot.lib" />
    <Library Include="..\lib\ForeignTradeApi.lib" />
  </ItemGroup>
</Project>